
Microsoft Visual Studio Solution File, Format Version 12.00
# Visual Studio Version 17
VisualStudioVersion = 17.3.32901.215
MinimumVisualStudioVersion = 10.0.40219.1
Project("{FAE04EC0-301F-11D3-BF4B-00C04F79EFBC}") = "Client", "Client.csproj", "{8ACC6536-A58E-48A3-94C5-619BB5184341}"
EndProject
Global
	GlobalSection(SolutionConfigurationPlatforms) = preSolution
		Debug|Any CPU = Debug|Any CPU
		Release|Any CPU = Release|Any CPU
	EndGlobalSection
	GlobalSection(ProjectConfigurationPlatforms) = postSolution
		{8ACC6536-A58E-48A3-94C5-619BB5184341}.Debug|Any CPU.ActiveCfg = Debug|Any CPU
		{8ACC6536-A58E-48A3-94C5-619BB5184341}.Debug|Any CPU.Build.0 = Debug|Any CPU
		{8ACC6536-A58E-48A3-94C5-619BB5184341}.Release|Any CPU.ActiveCfg = Release|Any CPU
		{8ACC6536-A58E-48A3-94C5-619BB5184341}.Release|Any CPU.Build.0 = Release|Any CPU
	EndGlobalSection
	GlobalSection(SolutionProperties) = preSolution
		HideSolutionNode = FALSE
	EndGlobalSection
	GlobalSection(ExtensibilityGlobals) = postSolution
		SolutionGuid = {68253658-B72E-43A8-BDED-67B5D6F1C066}
	EndGlobalSection
EndGlobal
